PODS:
  - Hue (1.1)
  - Lightbox (1.0.0):
    - Hue
    - Sugar
  - Sugar (1.1.1)

DEPENDENCIES:
  - Hue (from `https://github.com/hyperoslo/Hue`)
  - Lightbox (from `../../`)
  - Sugar

EXTERNAL SOURCES:
  Hue:
    :git: https://github.com/hyperoslo/Hue
  Lightbox:
    :path: "../../"

CHECKOUT OPTIONS:
  Hue:
    :commit: 43404964a799dd0c8affc2d4631ead33df8e04f1
    :git: https://github.com/hyperoslo/Hue

SPEC CHECKSUMS:
  Hue: c7d6a7206bac669ed69e78cc6c14a4d7bd28277c
  Lightbox: 857975225b89e83758b4895c035f5621d62e9bba
  Sugar: bed396c924fd089feee7c780778cca2a124f580c

PODFILE CHECKSUM: 454f6a62854b449796f88a5b1a0617ceb8f8de52

COCOAPODS: 1.0.0
