PODS:
  - Hue (1.0.0)
  - Lightbox (1.0.0):
    - Hue
    - Sugar
  - Sugar (1.0.4)

DEPENDENCIES:
  - Hue (from `https://github.com/hyperoslo/Hue`)
  - Lightbox (from `../../`)
  - Sugar

EXTERNAL SOURCES:
  Hue:
    :git: https://github.com/hyperoslo/Hue
  Lightbox:
    :path: ../../

CHECKOUT OPTIONS:
  Hue:
    :commit: 4f0f8bfdb69d926883216ffe9a802a5a2022f3f5
    :git: https://github.com/hyperoslo/Hue

SPEC CHECKSUMS:
  Hue: 44ae8b1091935fcc75055174095ab04653989235
  Lightbox: 857975225b89e83758b4895c035f5621d62e9bba
  Sugar: 814a9f59f546b942884a276f32324e73d6f93b11

COCOAPODS: 0.39.0
