// !$*UTF8*$!
{
	archiveVersion = 1;
	classes = {
	};
	objectVersion = 46;
	objects = {

/* Begin PBXBuildFile section */
		D5C0BDFB1B42CCBC009E6446 /* AppDelegate.swift in Sources */ = {isa = PBXBuildFile; fileRef = D5C0BDFA1B42CCBC009E6446 /* AppDelegate.swift */; };
		D5C0BDFD1B42CCBC009E6446 /* ViewController.swift in Sources */ = {isa = PBXBuildFile; fileRef = D5C0BDFC1B42CCBC009E6446 /* ViewController.swift */; };
		D5C0BE001B42CCBC009E6446 /* Main.storyboard in Resources */ = {isa = PBXBuildFile; fileRef = D5C0BDFE1B42CCBC009E6446 /* Main.storyboard */; };
		D5C0BE021B42CCBC009E6446 /* Images.xcassets in Resources */ = {isa = PBXBuildFile; fileRef = D5C0BE011B42CCBC009E6446 /* Images.xcassets */; };
		D5C0BE051B42CCBC009E6446 /* LaunchScreen.xib in Resources */ = {isa = PBXBuildFile; fileRef = D5C0BE031B42CCBC009E6446 /* LaunchScreen.xib */; };
		D5C0BE111B42CCBC009E6446 /* LightboxDemoTests.swift in Sources */ = {isa = PBXBuildFile; fileRef = D5C0BE101B42CCBC009E6446 /* LightboxDemoTests.swift */; };
/* End PBXBuildFile section */

/* Begin PBXContainerItemProxy section */
		D5C0BE0B1B42CCBC009E6446 /* PBXContainerItemProxy */ = {
			isa = PBXContainerItemProxy;
			containerPortal = D5C0BDED1B42CCBC009E6446 /* Project object */;
			proxyType = 1;
			remoteGlobalIDString = D5C0BDF41B42CCBC009E6446;
			remoteInfo = LightboxDemo;
		};
/* End PBXContainerItemProxy section */

/* Begin PBXFileReference section */
		D5C0BDF51B42CCBC009E6446 /* LightboxDemo.app */ = {isa = PBXFileReference; explicitFileType = wrapper.application; includeInIndex = 0; path = LightboxDemo.app; sourceTree = BUILT_PRODUCTS_DIR; };
		D5C0BDF91B42CCBC009E6446 /* Info.plist */ = {isa = PBXFileReference; lastKnownFileType = text.plist.xml; path = Info.plist; sourceTree = "<group>"; };
		D5C0BDFA1B42CCBC009E6446 /* AppDelegate.swift */ = {isa = PBXFileReference; lastKnownFileType = sourcecode.swift; path = AppDelegate.swift; sourceTree = "<group>"; };
		D5C0BDFC1B42CCBC009E6446 /* ViewController.swift */ = {isa = PBXFileReference; lastKnownFileType = sourcecode.swift; path = ViewController.swift; sourceTree = "<group>"; };
		D5C0BDFF1B42CCBC009E6446 /* Base */ = {isa = PBXFileReference; lastKnownFileType = file.storyboard; name = Base; path = Base.lproj/Main.storyboard; sourceTree = "<group>"; };
		D5C0BE011B42CCBC009E6446 /* Images.xcassets */ = {isa = PBXFileReference; lastKnownFileType = folder.assetcatalog; path = Images.xcassets; sourceTree = "<group>"; };
		D5C0BE041B42CCBC009E6446 /* Base */ = {isa = PBXFileReference; lastKnownFileType = file.xib; name = Base; path = Base.lproj/LaunchScreen.xib; sourceTree = "<group>"; };
		D5C0BE0A1B42CCBC009E6446 /* LightboxDemoTests.xctest */ = {isa = PBXFileReference; explicitFileType = wrapper.cfbundle; includeInIndex = 0; path = LightboxDemoTests.xctest; sourceTree = BUILT_PRODUCTS_DIR; };
		D5C0BE0F1B42CCBC009E6446 /* Info.plist */ = {isa = PBXFileReference; lastKnownFileType = text.plist.xml; path = Info.plist; sourceTree = "<group>"; };
		D5C0BE101B42CCBC009E6446 /* LightboxDemoTests.swift */ = {isa = PBXFileReference; lastKnownFileType = sourcecode.swift; path = LightboxDemoTests.swift; sourceTree = "<group>"; };
/* End PBXFileReference section */

/* Begin PBXFrameworksBuildPhase section */
		D5C0BDF21B42CCBC009E6446 /* Frameworks */ = {
			isa = PBXFrameworksBuildPhase;
			buildActionMask = 2147483647;
			files = (
			);
			runOnlyForDeploymentPostprocessing = 0;
		};
		D5C0BE071B42CCBC009E6446 /* Frameworks */ = {
			isa = PBXFrameworksBuildPhase;
			buildActionMask = 2147483647;
			files = (
			);
			runOnlyForDeploymentPostprocessing = 0;
		};
/* End PBXFrameworksBuildPhase section */

/* Begin PBXGroup section */
		D5C0BDEC1B42CCBC009E6446 = {
			isa = PBXGroup;
			children = (
				D5C0BDF71B42CCBC009E6446 /* LightboxDemo */,
				D5C0BE0D1B42CCBC009E6446 /* LightboxDemoTests */,
				D5C0BDF61B42CCBC009E6446 /* Products */,
			);
			sourceTree = "<group>";
		};
		D5C0BDF61B42CCBC009E6446 /* Products */ = {
			isa = PBXGroup;
			children = (
				D5C0BDF51B42CCBC009E6446 /* LightboxDemo.app */,
				D5C0BE0A1B42CCBC009E6446 /* LightboxDemoTests.xctest */,
			);
			name = Products;
			sourceTree = "<group>";
		};
		D5C0BDF71B42CCBC009E6446 /* LightboxDemo */ = {
			isa = PBXGroup;
			children = (
				D5C0BDFA1B42CCBC009E6446 /* AppDelegate.swift */,
				D5C0BDFC1B42CCBC009E6446 /* ViewController.swift */,
				D5C0BDFE1B42CCBC009E6446 /* Main.storyboard */,
				D5C0BE011B42CCBC009E6446 /* Images.xcassets */,
				D5C0BE031B42CCBC009E6446 /* LaunchScreen.xib */,
				D5C0BDF81B42CCBC009E6446 /* Supporting Files */,
			);
			path = LightboxDemo;
			sourceTree = "<group>";
		};
		D5C0BDF81B42CCBC009E6446 /* Supporting Files */ = {
			isa = PBXGroup;
			children = (
				D5C0BDF91B42CCBC009E6446 /* Info.plist */,
			);
			name = "Supporting Files";
			sourceTree = "<group>";
		};
		D5C0BE0D1B42CCBC009E6446 /* LightboxDemoTests */ = {
			isa = PBXGroup;
			children = (
				D5C0BE101B42CCBC009E6446 /* LightboxDemoTests.swift */,
				D5C0BE0E1B42CCBC009E6446 /* Supporting Files */,
			);
			path = LightboxDemoTests;
			sourceTree = "<group>";
		};
		D5C0BE0E1B42CCBC009E6446 /* Supporting Files */ = {
			isa = PBXGroup;
			children = (
				D5C0BE0F1B42CCBC009E6446 /* Info.plist */,
			);
			name = "Supporting Files";
			sourceTree = "<group>";
		};
/* End PBXGroup section */

/* Begin PBXNativeTarget section */
		D5C0BDF41B42CCBC009E6446 /* LightboxDemo */ = {
			isa = PBXNativeTarget;
			buildConfigurationList = D5C0BE141B42CCBC009E6446 /* Build configuration list for PBXNativeTarget "LightboxDemo" */;
			buildPhases = (
				D5C0BDF11B42CCBC009E6446 /* Sources */,
				D5C0BDF21B42CCBC009E6446 /* Frameworks */,
				D5C0BDF31B42CCBC009E6446 /* Resources */,
			);
			buildRules = (
			);
			dependencies = (
			);
			name = LightboxDemo;
			productName = LightboxDemo;
			productReference = D5C0BDF51B42CCBC009E6446 /* LightboxDemo.app */;
			productType = "com.apple.product-type.application";
		};
		D5C0BE091B42CCBC009E6446 /* LightboxDemoTests */ = {
			isa = PBXNativeTarget;
			buildConfigurationList = D5C0BE171B42CCBC009E6446 /* Build configuration list for PBXNativeTarget "LightboxDemoTests" */;
			buildPhases = (
				D5C0BE061B42CCBC009E6446 /* Sources */,
				D5C0BE071B42CCBC009E6446 /* Frameworks */,
				D5C0BE081B42CCBC009E6446 /* Resources */,
			);
			buildRules = (
			);
			dependencies = (
				D5C0BE0C1B42CCBC009E6446 /* PBXTargetDependency */,
			);
			name = LightboxDemoTests;
			productName = LightboxDemoTests;
			productReference = D5C0BE0A1B42CCBC009E6446 /* LightboxDemoTests.xctest */;
			productType = "com.apple.product-type.bundle.unit-test";
		};
/* End PBXNativeTarget section */

/* Begin PBXProject section */
		D5C0BDED1B42CCBC009E6446 /* Project object */ = {
			isa = PBXProject;
			attributes = {
				LastUpgradeCheck = 0630;
				ORGANIZATIONNAME = Hyper;
				TargetAttributes = {
					D5C0BDF41B42CCBC009E6446 = {
						CreatedOnToolsVersion = 6.3.2;
					};
					D5C0BE091B42CCBC009E6446 = {
						CreatedOnToolsVersion = 6.3.2;
						TestTargetID = D5C0BDF41B42CCBC009E6446;
					};
				};
			};
			buildConfigurationList = D5C0BDF01B42CCBC009E6446 /* Build configuration list for PBXProject "LightboxDemo" */;
			compatibilityVersion = "Xcode 3.2";
			developmentRegion = English;
			hasScannedForEncodings = 0;
			knownRegions = (
				en,
				Base,
			);
			mainGroup = D5C0BDEC1B42CCBC009E6446;
			productRefGroup = D5C0BDF61B42CCBC009E6446 /* Products */;
			projectDirPath = "";
			projectRoot = "";
			targets = (
				D5C0BDF41B42CCBC009E6446 /* LightboxDemo */,
				D5C0BE091B42CCBC009E6446 /* LightboxDemoTests */,
			);
		};
/* End PBXProject section */

/* Begin PBXResourcesBuildPhase section */
		D5C0BDF31B42CCBC009E6446 /* Resources */ = {
			isa = PBXResourcesBuildPhase;
			buildActionMask = 2147483647;
			files = (
				D5C0BE001B42CCBC009E6446 /* Main.storyboard in Resources */,
				D5C0BE051B42CCBC009E6446 /* LaunchScreen.xib in Resources */,
				D5C0BE021B42CCBC009E6446 /* Images.xcassets in Resources */,
			);
			runOnlyForDeploymentPostprocessing = 0;
		};
		D5C0BE081B42CCBC009E6446 /* Resources */ = {
			isa = PBXResourcesBuildPhase;
			buildActionMask = 2147483647;
			files = (
			);
			runOnlyForDeploymentPostprocessing = 0;
		};
/* End PBXResourcesBuildPhase section */

/* Begin PBXSourcesBuildPhase section */
		D5C0BDF11B42CCBC009E6446 /* Sources */ = {
			isa = PBXSourcesBuildPhase;
			buildActionMask = 2147483647;
			files = (
				D5C0BDFD1B42CCBC009E6446 /* ViewController.swift in Sources */,
				D5C0BDFB1B42CCBC009E6446 /* AppDelegate.swift in Sources */,
			);
			runOnlyForDeploymentPostprocessing = 0;
		};
		D5C0BE061B42CCBC009E6446 /* Sources */ = {
			isa = PBXSourcesBuildPhase;
			buildActionMask = 2147483647;
			files = (
				D5C0BE111B42CCBC009E6446 /* LightboxDemoTests.swift in Sources */,
			);
			runOnlyForDeploymentPostprocessing = 0;
		};
/* End PBXSourcesBuildPhase section */

/* Begin PBXTargetDependency section */
		D5C0BE0C1B42CCBC009E6446 /* PBXTargetDependency */ = {
			isa = PBXTargetDependency;
			target = D5C0BDF41B42CCBC009E6446 /* LightboxDemo */;
			targetProxy = D5C0BE0B1B42CCBC009E6446 /* PBXContainerItemProxy */;
		};
/* End PBXTargetDependency section */

/* Begin PBXVariantGroup section */
		D5C0BDFE1B42CCBC009E6446 /* Main.storyboard */ = {
			isa = PBXVariantGroup;
			children = (
				D5C0BDFF1B42CCBC009E6446 /* Base */,
			);
			name = Main.storyboard;
			sourceTree = "<group>";
		};
		D5C0BE031B42CCBC009E6446 /* LaunchScreen.xib */ = {
			isa = PBXVariantGroup;
			children = (
				D5C0BE041B42CCBC009E6446 /* Base */,
			);
			name = LaunchScreen.xib;
			sourceTree = "<group>";
		};
/* End PBXVariantGroup section */

/* Begin XCBuildConfiguration section */
		D5C0BE121B42CCBC009E6446 /* Debug */ = {
			isa = XCBuildConfiguration;
			buildSettings = {
				ALWAYS_SEARCH_USER_PATHS = NO;
				CLANG_CXX_LANGUAGE_STANDARD = "gnu++0x";
				CLANG_CXX_LIBRARY = "libc++";
				CLANG_ENABLE_MODULES = YES;
				CLANG_ENABLE_OBJC_ARC = YES;
				CLANG_WARN_BOOL_CONVERSION = YES;
				CLANG_WARN_CONSTANT_CONVERSION = YES;
				CLANG_WARN_DIRECT_OBJC_ISA_USAGE = YES_ERROR;
				CLANG_WARN_EMPTY_BODY = YES;
				CLANG_WARN_ENUM_CONVERSION = YES;
				CLANG_WARN_INT_CONVERSION = YES;
				CLANG_WARN_OBJC_ROOT_CLASS = YES_ERROR;
				CLANG_WARN_UNREACHABLE_CODE = YES;
				CLANG_WARN__DUPLICATE_METHOD_MATCH = YES;
				"CODE_SIGN_IDENTITY[sdk=iphoneos*]" = "iPhone Developer";
				COPY_PHASE_STRIP = NO;
				DEBUG_INFORMATION_FORMAT = "dwarf-with-dsym";
				ENABLE_STRICT_OBJC_MSGSEND = YES;
				GCC_C_LANGUAGE_STANDARD = gnu99;
				GCC_DYNAMIC_NO_PIC = NO;
				GCC_NO_COMMON_BLOCKS = YES;
				GCC_OPTIMIZATION_LEVEL = 0;
				GCC_PREPROCESSOR_DEFINITIONS = (
					"DEBUG=1",
					"$(inherited)",
				);
				GCC_SYMBOLS_PRIVATE_EXTERN = NO;
				GCC_WARN_64_TO_32_BIT_CONVERSION = YES;
				GCC_WARN_ABOUT_RETURN_TYPE = YES_ERROR;
				GCC_WARN_UNDECLARED_SELECTOR = YES;
				GCC_WARN_UNINITIALIZED_AUTOS = YES_AGGRESSIVE;
				GCC_WARN_UNUSED_FUNCTION = YES;
				GCC_WARN_UNUSED_VARIABLE = YES;
				IPHONEOS_DEPLOYMENT_TARGET = 8.3;
				MTL_ENABLE_DEBUG_INFO = YES;
				ONLY_ACTIVE_ARCH = YES;
				SDKROOT = iphoneos;
				SWIFT_OPTIMIZATION_LEVEL = "-Onone";
			};
			name = Debug;
		};
		D5C0BE131B42CCBC009E6446 /* Release */ = {
			isa = XCBuildConfiguration;
			buildSettings = {
				ALWAYS_SEARCH_USER_PATHS = NO;
				CLANG_CXX_LANGUAGE_STANDARD = "gnu++0x";
				CLANG_CXX_LIBRARY = "libc++";
				CLANG_ENABLE_MODULES = YES;
				CLANG_ENABLE_OBJC_ARC = YES;
				CLANG_WARN_BOOL_CONVERSION = YES;
				CLANG_WARN_CONSTANT_CONVERSION = YES;
				CLANG_WARN_DIRECT_OBJC_ISA_USAGE = YES_ERROR;
				CLANG_WARN_EMPTY_BODY = YES;
				CLANG_WARN_ENUM_CONVERSION = YES;
				CLANG_WARN_INT_CONVERSION = YES;
				CLANG_WARN_OBJC_ROOT_CLASS = YES_ERROR;
				CLANG_WARN_UNREACHABLE_CODE = YES;
				CLANG_WARN__DUPLICATE_METHOD_MATCH = YES;
				"CODE_SIGN_IDENTITY[sdk=iphoneos*]" = "iPhone Developer";
				COPY_PHASE_STRIP = NO;
				DEBUG_INFORMATION_FORMAT = "dwarf-with-dsym";
				ENABLE_NS_ASSERTIONS = NO;
				ENABLE_STRICT_OBJC_MSGSEND = YES;
				GCC_C_LANGUAGE_STANDARD = gnu99;
				GCC_NO_COMMON_BLOCKS = YES;
				GCC_WARN_64_TO_32_BIT_CONVERSION = YES;
				GCC_WARN_ABOUT_RETURN_TYPE = YES_ERROR;
				GCC_WARN_UNDECLARED_SELECTOR = YES;
				GCC_WARN_UNINITIALIZED_AUTOS = YES_AGGRESSIVE;
				GCC_WARN_UNUSED_FUNCTION = YES;
				GCC_WARN_UNUSED_VARIABLE = YES;
				IPHONEOS_DEPLOYMENT_TARGET = 8.3;
				MTL_ENABLE_DEBUG_INFO = NO;
				SDKROOT = iphoneos;
				VALIDATE_PRODUCT = YES;
			};
			name = Release;
		};
		D5C0BE151B42CCBC009E6446 /* Debug */ = {
			isa = XCBuildConfiguration;
			buildSettings = {
				ASSETCATALOG_COMPILER_APPICON_NAME = AppIcon;
				INFOPLIST_FILE = LightboxDemo/Info.plist;
				LD_RUNPATH_SEARCH_PATHS = "$(inherited) @executable_path/Frameworks";
				PRODUCT_NAME = "$(TARGET_NAME)";
			};
			name = Debug;
		};
		D5C0BE161B42CCBC009E6446 /* Release */ = {
			isa = XCBuildConfiguration;
			buildSettings = {
				ASSETCATALOG_COMPILER_APPICON_NAME = AppIcon;
				INFOPLIST_FILE = LightboxDemo/Info.plist;
				LD_RUNPATH_SEARCH_PATHS = "$(inherited) @executable_path/Frameworks";
				PRODUCT_NAME = "$(TARGET_NAME)";
			};
			name = Release;
		};
		D5C0BE181B42CCBC009E6446 /* Debug */ = {
			isa = XCBuildConfiguration;
			buildSettings = {
				BUNDLE_LOADER = "$(TEST_HOST)";
				FRAMEWORK_SEARCH_PATHS = (
					"$(SDKROOT)/Developer/Library/Frameworks",
					"$(inherited)",
				);
				GCC_PREPROCESSOR_DEFINITIONS = (
					"DEBUG=1",
					"$(inherited)",
				);
				INFOPLIST_FILE = LightboxDemoTests/Info.plist;
				LD_RUNPATH_SEARCH_PATHS = "$(inherited) @executable_path/Frameworks @loader_path/Frameworks";
				PRODUCT_NAME = "$(TARGET_NAME)";
				TEST_HOST = "$(BUILT_PRODUCTS_DIR)/LightboxDemo.app/LightboxDemo";
			};
			name = Debug;
		};
		D5C0BE191B42CCBC009E6446 /* Release */ = {
			isa = XCBuildConfiguration;
			buildSettings = {
				BUNDLE_LOADER = "$(TEST_HOST)";
				FRAMEWORK_SEARCH_PATHS = (
					"$(SDKROOT)/Developer/Library/Frameworks",
					"$(inherited)",
				);
				INFOPLIST_FILE = LightboxDemoTests/Info.plist;
				LD_RUNPATH_SEARCH_PATHS = "$(inherited) @executable_path/Frameworks @loader_path/Frameworks";
				PRODUCT_NAME = "$(TARGET_NAME)";
				TEST_HOST = "$(BUILT_PRODUCTS_DIR)/LightboxDemo.app/LightboxDemo";
			};
			name = Release;
		};
/* End XCBuildConfiguration section */

/* Begin XCConfigurationList section */
		D5C0BDF01B42CCBC009E6446 /* Build configuration list for PBXProject "LightboxDemo" */ = {
			isa = XCConfigurationList;
			buildConfigurations = (
				D5C0BE121B42CCBC009E6446 /* Debug */,
				D5C0BE131B42CCBC009E6446 /* Release */,
			);
			defaultConfigurationIsVisible = 0;
			defaultConfigurationName = Release;
		};
		D5C0BE141B42CCBC009E6446 /* Build configuration list for PBXNativeTarget "LightboxDemo" */ = {
			isa = XCConfigurationList;
			buildConfigurations = (
				D5C0BE151B42CCBC009E6446 /* Debug */,
				D5C0BE161B42CCBC009E6446 /* Release */,
			);
			defaultConfigurationIsVisible = 0;
		};
		D5C0BE171B42CCBC009E6446 /* Build configuration list for PBXNativeTarget "LightboxDemoTests" */ = {
			isa = XCConfigurationList;
			buildConfigurations = (
				D5C0BE181B42CCBC009E6446 /* Debug */,
				D5C0BE191B42CCBC009E6446 /* Release */,
			);
			defaultConfigurationIsVisible = 0;
		};
/* End XCConfigurationList section */
	};
	rootObject = D5C0BDED1B42CCBC009E6446 /* Project object */;
}
