PODS:
  - Cache (4.0.0):
    - SwiftHash (~> 2.0.0)
  - Hue (3.0.0)
  - Imaginary (3.0.0):
    - Cache (~> 4.0)
  - Lightbox (2.0.0):
    - Hue
    - Imaginary
  - SwiftHash (2.0.0)

DEPENDENCIES:
  - Lightbox (from `../../`)

EXTERNAL SOURCES:
  Lightbox:
    :path: ../../

SPEC CHECKSUMS:
  Cache: e73353960c614ab79b0c6911b8c39da05b334470
  Hue: b8fe1e43eef13631331eebecb2198b68e2622f95
  Imaginary: 2765d293d425cbed3b07fa11642554cbaebe913d
  Lightbox: e7de1d134eee502ca578a6ab13382c820965b7b3
  SwiftHash: d2e09b13495447178cdfb8e46e54a5c46f15f5a9

PODFILE CHECKSUM: 408ae3477507a1d4b7ff06ffb3f162eda443424f

COCOAPODS: 1.3.1
